
Microsoft Visual Studio Solution File, Format Version 12.00
# Visual Studio Version 17
VisualStudioVersion = 17.3.32811.315
MinimumVisualStudioVersion = 10.0.40219.1
Project("{FAE04EC0-301F-11D3-BF4B-00C04F79EFBC}") = "BlazorApp1.Server", "BlazorApp1\Server\BlazorApp1.Server.csproj", "{4D813D9F-A2B4-40BA-AD4E-EFA55742260E}"
EndProject
Project("{FAE04EC0-301F-11D3-BF4B-00C04F79EFBC}") = "BlazorApp1.Client", "BlazorApp1\Client\BlazorApp1.Client.csproj", "{65515209-48EA-448A-8E0B-C018CA75358C}"
EndProject
Project("{FAE04EC0-301F-11D3-BF4B-00C04F79EFBC}") = "BlazorApp1.Shared", "BlazorApp1\Shared\BlazorApp1.Shared.csproj", "{557C0D8F-C8BF-4355-90BA-E2EBB3A3F30E}"
EndProject
Global
	GlobalSection(SolutionConfigurationPlatforms) = preSolution
		Debug|Any CPU = Debug|Any CPU
		Release|Any CPU = Release|Any CPU
	EndGlobalSection
	GlobalSection(ProjectConfigurationPlatforms) = postSolution
		{4D813D9F-A2B4-40BA-AD4E-EFA55742260E}.Debug|Any CPU.ActiveCfg = Debug|Any CPU
		{4D813D9F-A2B4-40BA-AD4E-EFA55742260E}.Debug|Any CPU.Build.0 = Debug|Any CPU
		{4D813D9F-A2B4-40BA-AD4E-EFA55742260E}.Release|Any CPU.ActiveCfg = Release|Any CPU
		{4D813D9F-A2B4-40BA-AD4E-EFA55742260E}.Release|Any CPU.Build.0 = Release|Any CPU
		{65515209-48EA-448A-8E0B-C018CA75358C}.Debug|Any CPU.ActiveCfg = Debug|Any CPU
		{65515209-48EA-448A-8E0B-C018CA75358C}.Debug|Any CPU.Build.0 = Debug|Any CPU
		{65515209-48EA-448A-8E0B-C018CA75358C}.Release|Any CPU.ActiveCfg = Release|Any CPU
		{65515209-48EA-448A-8E0B-C018CA75358C}.Release|Any CPU.Build.0 = Release|Any CPU
		{557C0D8F-C8BF-4355-90BA-E2EBB3A3F30E}.Debug|Any CPU.ActiveCfg = Debug|Any CPU
		{557C0D8F-C8BF-4355-90BA-E2EBB3A3F30E}.Debug|Any CPU.Build.0 = Debug|Any CPU
		{557C0D8F-C8BF-4355-90BA-E2EBB3A3F30E}.Release|Any CPU.ActiveCfg = Release|Any CPU
		{557C0D8F-C8BF-4355-90BA-E2EBB3A3F30E}.Release|Any CPU.Build.0 = Release|Any CPU
	EndGlobalSection
	GlobalSection(SolutionProperties) = preSolution
		HideSolutionNode = FALSE
	EndGlobalSection
	GlobalSection(ExtensibilityGlobals) = postSolution
		SolutionGuid = {E1CB1256-CBDE-4CDA-8ECB-4F6ADDE956DD}
	EndGlobalSection
EndGlobal
